# THIS IS AN AUTOGENERATED FILE. DO NOT EDIT THIS FILE DIRECTLY.
# yarn lockfile v1


p-map@7.0.2:
  version "7.0.2"
  resolved "https://registry.yarnpkg.com/p-map/-/p-map-7.0.2.tgz#7c5119fada4755660f70199a66aa3fe2f85a1fe8"
  integrity sha512-z4cYYMMdKHzw4O5UkWJImbZynVIo0lSGTXc7bzB1e/rrDqkgGUNysK/o4bTr+0+xKvvLoTyGqYC4Fgljy9qe1Q==
